{
  "name": "risk-imperium",
  "lockfileVersion": 3,
  "requires": true,
  "packages": {
    "": {
      "dependencies": {
        "playful-avatars": "^1.0.0"
      }
    },
    "node_modules/playful-avatars": {
      "version": "1.0.0",
      "resolved": "https://registry.npmjs.org/playful-avatars/-/playful-avatars-1.0.0.tgz",
      "integrity": "sha512-kQK76frsyuX5y7agZKteMwsIFKSxtNg1AnIy8WspO5tAl32hPPSysDHS0WB5xWrvyx58jkhsQ2Jo9GE03W6YtA==",
      "license": "MIT"
    }
  }
}
